github.com/google/tink/go v1.7.0 h1:6Eox8zONGebBFcCBqkVmt60LaWZa6xg1cl/DwAh/J1w=
github.com/google/tink/go v1.7.0/go.mod h1:GAUOd+QE3pgj9q8VKIGTCP33c/B7eb4NhxLcgTJZStM=
github.com/hashicorp/errwrap v1.1.0 h1:OxrOeh75EUXMY8TBjag2fzXGZ40LB6IKw45YeGUDY2I=
github.com/hashicorp/errwrap v1.1.0/go.mod h1:YH+1FKiLXxHSkmPseP+kNlulaMuP3n2brvKWEqk/Jc4=
